
Microsoft Visual Studio Solution File, Format Version 12.00
# Visual Studio Version 17
VisualStudioVersion = 17.2.32519.379
MinimumVisualStudioVersion = 10.0.40219.1
Project("{FAE04EC0-301F-11D3-BF4B-00C04F79EFBC}") = "BroadageSportsCaseConsole", "BroadageSportsCase\BroadageSportsCaseConsole.csproj", "{8AFEEB2A-FDCC-4F46-B565-F357F08E58B0}"
EndProject
Project("{FAE04EC0-301F-11D3-BF4B-00C04F79EFBC}") = "BroadageSportsCaseWebApp", "BroadageSportsCaseWebApp\BroadageSportsCaseWebApp.csproj", "{3CF430D3-CFF3-4DF3-8233-9C9D2F27240C}"
EndProject
Global
	GlobalSection(SolutionConfigurationPlatforms) = preSolution
		Debug|Any CPU = Debug|Any CPU
		Release|Any CPU = Release|Any CPU
	EndGlobalSection
	GlobalSection(ProjectConfigurationPlatforms) = postSolution
		{8AFEEB2A-FDCC-4F46-B565-F357F08E58B0}.Debug|Any CPU.ActiveCfg = Debug|Any CPU
		{8AFEEB2A-FDCC-4F46-B565-F357F08E58B0}.Debug|Any CPU.Build.0 = Debug|Any CPU
		{8AFEEB2A-FDCC-4F46-B565-F357F08E58B0}.Release|Any CPU.ActiveCfg = Release|Any CPU
		{8AFEEB2A-FDCC-4F46-B565-F357F08E58B0}.Release|Any CPU.Build.0 = Release|Any CPU
		{3CF430D3-CFF3-4DF3-8233-9C9D2F27240C}.Debug|Any CPU.ActiveCfg = Debug|Any CPU
		{3CF430D3-CFF3-4DF3-8233-9C9D2F27240C}.Debug|Any CPU.Build.0 = Debug|Any CPU
		{3CF430D3-CFF3-4DF3-8233-9C9D2F27240C}.Release|Any CPU.ActiveCfg = Release|Any CPU
		{3CF430D3-CFF3-4DF3-8233-9C9D2F27240C}.Release|Any CPU.Build.0 = Release|Any CPU
	EndGlobalSection
	GlobalSection(SolutionProperties) = preSolution
		HideSolutionNode = FALSE
	EndGlobalSection
	GlobalSection(ExtensibilityGlobals) = postSolution
		SolutionGuid = {F1A15535-D2C7-4890-BCBA-37DB794384D3}
	EndGlobalSection
EndGlobal
